
Microsoft Visual Studio Solution File, Format Version 12.00
# Visual Studio Version 16
VisualStudioVersion = 16.0.32106.194
MinimumVisualStudioVersion = 10.0.40219.1
Project("{FAE04EC0-301F-11D3-BF4B-00C04F79EFBC}") = "NFS.Packer", "NFS.Packer\NFS.Packer.csproj", "{D17B9582-1C66-4205-8256-104819E83A36}"
EndProject
Global
	GlobalSection(SolutionConfigurationPlatforms) = preSolution
		Debug|Any CPU = Debug|Any CPU
		Release|Any CPU = Release|Any CPU
	EndGlobalSection
	GlobalSection(ProjectConfigurationPlatforms) = postSolution
		{D17B9582-1C66-4205-8256-104819E83A36}.Debug|Any CPU.ActiveCfg = Debug|Any CPU
		{D17B9582-1C66-4205-8256-104819E83A36}.Debug|Any CPU.Build.0 = Debug|Any CPU
		{D17B9582-1C66-4205-8256-104819E83A36}.Release|Any CPU.ActiveCfg = Release|Any CPU
		{D17B9582-1C66-4205-8256-104819E83A36}.Release|Any CPU.Build.0 = Release|Any CPU
	EndGlobalSection
	GlobalSection(SolutionProperties) = preSolution
		HideSolutionNode = FALSE
	EndGlobalSection
	GlobalSection(ExtensibilityGlobals) = postSolution
		SolutionGuid = {2BECA623-AFA9-4A98-9E9A-F8BCD4A768EF}
	EndGlobalSection
EndGlobal
